hash: 69c965b395ebcd3c4f664a8afd82011ee131cda0bc9b74664e197227f7a4d30b
updated: 2017-01-11T17:46:11.06759534-08:00
imports:
- name: github.com/davecgh/go-spew
  version: 346938d642f2ec3594ed81d874461961cd0faa76
  subpackages:
  - spew
- name: github.com/eapache/go-resiliency
  version: b86b1ec0dd4209a588dc1285cdd471e73525c0b3
  subpackages:
  - breaker
- name: github.com/eapache/go-xerial-snappy
  version: bb955e01b9346ac19dc29eb16586c90ded99a98c
- name: github.com/eapache/queue
  version: 44cc805cf13205b55f69e14bcb69867d1ae92f98
- name: github.com/golang/snappy
  version: d9eb7a3d35ec988b8585d4a0068e462c27d28380
- name: github.com/klauspost/crc32
  version: cb6bfca970f6908083f26f39a79009d608efd5cd
- name: github.com/rcrowley/go-metrics
  version: ab2277b1c5d15c3cba104e9cbddbdfc622df5ad8
- name: github.com/samuel/go-zookeeper
  version: 1d7be4effb13d2d908342d349d71a284a7542693
  subpackages:
  - zk
- name: github.com/Shopify/sarama
  version: 1548006a8b86e4431c98a96ff029d8c2cfdf7fd3
- name: github.com/stretchr/testify
  version: 18a02ba4a312f95da08ff4cfc0055750ce50ae9e
  subpackages:
  - assert
- name: github.com/wvanbergen/kafka
  version: bc265fedb9ff5b5c5d3c0fdcef4a819b3523d3ee
  subpackages:
  - consumergroup
- name: github.com/wvanbergen/kazoo-go
  version: 968957352185472eacb69215fa3dbfcfdbac1096
testImports:
- name: github.com/pmezard/go-difflib
  version: d8ed2627bdf02c080bf22230dbb337003b7aba2d
  subpackages:
  - difflib
